
Microsoft Visual Studio Solution File, Format Version 12.00
# Visual Studio 14
VisualStudioVersion = 14.0.25420.1
MinimumVisualStudioVersion = 10.0.40219.1
Project("{FAE04EC0-301F-11D3-BF4B-00C04F79EFBC}") = "BatteryServiceManager.Droid", "BatteryService\BatteryService.Droid\BatteryServiceManager.Droid.csproj", "{01E90A9E-7621-4E43-8DA7-04622B453582}"
EndProject
Project("{FAE04EC0-301F-11D3-BF4B-00C04F79EFBC}") = "BatteryServiceManager.iOS", "BatteryService\BatteryService.iOS\BatteryServiceManager.iOS.csproj", "{F4BC3A21-2527-4B9C-B472-356BD561358B}"
EndProject
Project("{FAE04EC0-301F-11D3-BF4B-00C04F79EFBC}") = "BatteryServiceManager.WinPhone", "BatteryService\BatteryService.WinPhone\BatteryServiceManager.WinPhone.csproj", "{DA7D0D28-CA0B-4640-B8DD-B2A95F9ACCF3}"
EndProject
Project("{FAE04EC0-301F-11D3-BF4B-00C04F79EFBC}") = "BatteryServiceManager.Windows", "BatteryService\BatteryService.Windows\BatteryServiceManager.Windows.csproj", "{CFB0A8DA-4355-4669-AF09-C42BE0439D1B}"
EndProject
Project("{FAE04EC0-301F-11D3-BF4B-00C04F79EFBC}") = "BatteryServiceManager", "BatteryService\BatteryService\BatteryServiceManager.csproj", "{D1D13CA8-D35E-40D3-9FCA-AEC896D2F5A2}"
EndProject
Global
	GlobalSection(SolutionConfigurationPlatforms) = preSolution
		Ad-Hoc|Any CPU = Ad-Hoc|Any CPU
		Ad-Hoc|ARM = Ad-Hoc|ARM
		Ad-Hoc|iPhone = Ad-Hoc|iPhone
		Ad-Hoc|iPhoneSimulator = Ad-Hoc|iPhoneSimulator
		Ad-Hoc|x64 = Ad-Hoc|x64
		Ad-Hoc|x86 = Ad-Hoc|x86
		AppStore|Any CPU = AppStore|Any CPU
		AppStore|ARM = AppStore|ARM
		AppStore|iPhone = AppStore|iPhone
		AppStore|iPhoneSimulator = AppStore|iPhoneSimulator
		AppStore|x64 = AppStore|x64
		AppStore|x86 = AppStore|x86
		Debug|Any CPU = Debug|Any CPU
		Debug|ARM = Debug|ARM
		Debug|iPhone = Debug|iPhone
		Debug|iPhoneSimulator = Debug|iPhoneSimulator
		Debug|x64 = Debug|x64
		Debug|x86 = Debug|x86
		Release|Any CPU = Release|Any CPU
		Release|ARM = Release|ARM
		Release|iPhone = Release|iPhone
		Release|iPhoneSimulator = Release|iPhoneSimulator
		Release|x64 = Release|x64
		Release|x86 = Release|x86
	EndGlobalSection
	GlobalSection(ProjectConfigurationPlatforms) = postSolution
		{01E90A9E-7621-4E43-8DA7-04622B453582}.Ad-Hoc|Any CPU.ActiveCfg = Release|Any CPU
		{01E90A9E-7621-4E43-8DA7-04622B453582}.Ad-Hoc|Any CPU.Build.0 = Release|Any CPU
		{01E90A9E-7621-4E43-8DA7-04622B453582}.Ad-Hoc|Any CPU.Deploy.0 = Release|Any CPU
		{01E90A9E-7621-4E43-8DA7-04622B453582}.Ad-Hoc|ARM.ActiveCfg = Release|Any CPU
		{01E90A9E-7621-4E43-8DA7-04622B453582}.Ad-Hoc|ARM.Build.0 = Release|Any CPU
		{01E90A9E-7621-4E43-8DA7-04622B453582}.Ad-Hoc|ARM.Deploy.0 = Release|Any CPU
		{01E90A9E-7621-4E43-8DA7-04622B453582}.Ad-Hoc|iPhone.ActiveCfg = Release|Any CPU
		{01E90A9E-7621-4E43-8DA7-04622B453582}.Ad-Hoc|iPhone.Build.0 = Release|Any CPU
		{01E90A9E-7621-4E43-8DA7-04622B453582}.Ad-Hoc|iPhone.Deploy.0 = Release|Any CPU
		{01E90A9E-7621-4E43-8DA7-04622B453582}.Ad-Hoc|iPhoneSimulator.ActiveCfg = Release|Any CPU
		{01E90A9E-7621-4E43-8DA7-04622B453582}.Ad-Hoc|iPhoneSimulator.Build.0 = Release|Any CPU
		{01E90A9E-7621-4E43-8DA7-04622B453582}.Ad-Hoc|iPhoneSimulator.Deploy.0 = Release|Any CPU
		{01E90A9E-7621-4E43-8DA7-04622B453582}.Ad-Hoc|x64.ActiveCfg = Release|Any CPU
		{01E90A9E-7621-4E43-8DA7-04622B453582}.Ad-Hoc|x64.Build.0 = Release|Any CPU
		{01E90A9E-7621-4E43-8DA7-04622B453582}.Ad-Hoc|x64.Deploy.0 = Release|Any CPU
		{01E90A9E-7621-4E43-8DA7-04622B453582}.Ad-Hoc|x86.ActiveCfg = Release|Any CPU
		{01E90A9E-7621-4E43-8DA7-04622B453582}.Ad-Hoc|x86.Build.0 = Release|Any CPU
		{01E90A9E-7621-4E43-8DA7-04622B453582}.Ad-Hoc|x86.Deploy.0 = Release|Any CPU
		{01E90A9E-7621-4E43-8DA7-04622B453582}.AppStore|Any CPU.ActiveCfg = Release|Any CPU
		{01E90A9E-7621-4E43-8DA7-04622B453582}.AppStore|Any CPU.Build.0 = Release|Any CPU
		{01E90A9E-7621-4E43-8DA7-04622B453582}.AppStore|Any CPU.Deploy.0 = Release|Any CPU
		{01E90A9E-7621-4E43-8DA7-04622B453582}.AppStore|ARM.ActiveCfg = Release|Any CPU
		{01E90A9E-7621-4E43-8DA7-04622B453582}.AppStore|ARM.Build.0 = Release|Any CPU
		{01E90A9E-7621-4E43-8DA7-04622B453582}.AppStore|ARM.Deploy.0 = Release|Any CPU
		{01E90A9E-7621-4E43-8DA7-04622B453582}.AppStore|iPhone.ActiveCfg = Release|Any CPU
		{01E90A9E-7621-4E43-8DA7-04622B453582}.AppStore|iPhone.Build.0 = Release|Any CPU
		{01E90A9E-7621-4E43-8DA7-04622B453582}.AppStore|iPhone.Deploy.0 = Release|Any CPU
		{01E90A9E-7621-4E43-8DA7-04622B453582}.AppStore|iPhoneSimulator.ActiveCfg = Release|Any CPU
		{01E90A9E-7621-4E43-8DA7-04622B453582}.AppStore|iPhoneSimulator.Build.0 = Release|Any CPU
		{01E90A9E-7621-4E43-8DA7-04622B453582}.AppStore|iPhoneSimulator.Deploy.0 = Release|Any CPU
		{01E90A9E-7621-4E43-8DA7-04622B453582}.AppStore|x64.ActiveCfg = Release|Any CPU
		{01E90A9E-7621-4E43-8DA7-04622B453582}.AppStore|x64.Build.0 = Release|Any CPU
		{01E90A9E-7621-4E43-8DA7-04622B453582}.AppStore|x64.Deploy.0 = Release|Any CPU
		{01E90A9E-7621-4E43-8DA7-04622B453582}.AppStore|x86.ActiveCfg = Release|Any CPU
		{01E90A9E-7621-4E43-8DA7-04622B453582}.AppStore|x86.Build.0 = Release|Any CPU
		{01E90A9E-7621-4E43-8DA7-04622B453582}.AppStore|x86.Deploy.0 = Release|Any CPU
		{01E90A9E-7621-4E43-8DA7-04622B453582}.Debug|Any CPU.ActiveCfg = Debug|Any CPU
		{01E90A9E-7621-4E43-8DA7-04622B453582}.Debug|Any CPU.Build.0 = Debug|Any CPU
		{01E90A9E-7621-4E43-8DA7-04622B453582}.Debug|Any CPU.Deploy.0 = Debug|Any CPU
		{01E90A9E-7621-4E43-8DA7-04622B453582}.Debug|ARM.ActiveCfg = Debug|Any CPU
		{01E90A9E-7621-4E43-8DA7-04622B453582}.Debug|ARM.Build.0 = Debug|Any CPU
		{01E90A9E-7621-4E43-8DA7-04622B453582}.Debug|ARM.Deploy.0 = Debug|Any CPU
		{01E90A9E-7621-4E43-8DA7-04622B453582}.Debug|iPhone.ActiveCfg = Debug|Any CPU
		{01E90A9E-7621-4E43-8DA7-04622B453582}.Debug|iPhone.Build.0 = Debug|Any CPU
		{01E90A9E-7621-4E43-8DA7-04622B453582}.Debug|iPhone.Deploy.0 = Debug|Any CPU
		{01E90A9E-7621-4E43-8DA7-04622B453582}.Debug|iPhoneSimulator.ActiveCfg = Debug|Any CPU
		{01E90A9E-7621-4E43-8DA7-04622B453582}.Debug|iPhoneSimulator.Build.0 = Debug|Any CPU
		{01E90A9E-7621-4E43-8DA7-04622B453582}.Debug|iPhoneSimulator.Deploy.0 = Debug|Any CPU
		{01E90A9E-7621-4E43-8DA7-04622B453582}.Debug|x64.ActiveCfg = Debug|Any CPU
		{01E90A9E-7621-4E43-8DA7-04622B453582}.Debug|x64.Build.0 = Debug|Any CPU
		{01E90A9E-7621-4E43-8DA7-04622B453582}.Debug|x64.Deploy.0 = Debug|Any CPU
		{01E90A9E-7621-4E43-8DA7-04622B453582}.Debug|x86.ActiveCfg = Debug|Any CPU
		{01E90A9E-7621-4E43-8DA7-04622B453582}.Debug|x86.Build.0 = Debug|Any CPU
		{01E90A9E-7621-4E43-8DA7-04622B453582}.Debug|x86.Deploy.0 = Debug|Any CPU
		{01E90A9E-7621-4E43-8DA7-04622B453582}.Release|Any CPU.ActiveCfg = Release|Any CPU
		{01E90A9E-7621-4E43-8DA7-04622B453582}.Release|Any CPU.Build.0 = Release|Any CPU
		{01E90A9E-7621-4E43-8DA7-04622B453582}.Release|Any CPU.Deploy.0 = Release|Any CPU
		{01E90A9E-7621-4E43-8DA7-04622B453582}.Release|ARM.ActiveCfg = Release|Any CPU
		{01E90A9E-7621-4E43-8DA7-04622B453582}.Release|ARM.Build.0 = Release|Any CPU
		{01E90A9E-7621-4E43-8DA7-04622B453582}.Release|ARM.Deploy.0 = Release|Any CPU
		{01E90A9E-7621-4E43-8DA7-04622B453582}.Release|iPhone.ActiveCfg = Release|Any CPU
		{01E90A9E-7621-4E43-8DA7-04622B453582}.Release|iPhone.Build.0 = Release|Any CPU
		{01E90A9E-7621-4E43-8DA7-04622B453582}.Release|iPhone.Deploy.0 = Release|Any CPU
		{01E90A9E-7621-4E43-8DA7-04622B453582}.Release|iPhoneSimulator.ActiveCfg = Release|Any CPU
		{01E90A9E-7621-4E43-8DA7-04622B453582}.Release|iPhoneSimulator.Build.0 = Release|Any CPU
		{01E90A9E-7621-4E43-8DA7-04622B453582}.Release|iPhoneSimulator.Deploy.0 = Release|Any CPU
		{01E90A9E-7621-4E43-8DA7-04622B453582}.Release|x64.ActiveCfg = Release|Any CPU
		{01E90A9E-7621-4E43-8DA7-04622B453582}.Release|x64.Build.0 = Release|Any CPU
		{01E90A9E-7621-4E43-8DA7-04622B453582}.Release|x64.Deploy.0 = Release|Any CPU
		{01E90A9E-7621-4E43-8DA7-04622B453582}.Release|x86.ActiveCfg = Release|Any CPU
		{01E90A9E-7621-4E43-8DA7-04622B453582}.Release|x86.Build.0 = Release|Any CPU
		{01E90A9E-7621-4E43-8DA7-04622B453582}.Release|x86.Deploy.0 = Release|Any CPU
		{F4BC3A21-2527-4B9C-B472-356BD561358B}.Ad-Hoc|Any CPU.ActiveCfg = Ad-Hoc|iPhone
		{F4BC3A21-2527-4B9C-B472-356BD561358B}.Ad-Hoc|ARM.ActiveCfg = Ad-Hoc|iPhone
		{F4BC3A21-2527-4B9C-B472-356BD561358B}.Ad-Hoc|iPhone.ActiveCfg = Ad-Hoc|iPhone
		{F4BC3A21-2527-4B9C-B472-356BD561358B}.Ad-Hoc|iPhone.Build.0 = Ad-Hoc|iPhone
		{F4BC3A21-2527-4B9C-B472-356BD561358B}.Ad-Hoc|iPhoneSimulator.ActiveCfg = Ad-Hoc|iPhoneSimulator
		{F4BC3A21-2527-4B9C-B472-356BD561358B}.Ad-Hoc|iPhoneSimulator.Build.0 = Ad-Hoc|iPhoneSimulator
		{F4BC3A21-2527-4B9C-B472-356BD561358B}.Ad-Hoc|x64.ActiveCfg = Ad-Hoc|iPhone
		{F4BC3A21-2527-4B9C-B472-356BD561358B}.Ad-Hoc|x86.ActiveCfg = Ad-Hoc|iPhone
		{F4BC3A21-2527-4B9C-B472-356BD561358B}.AppStore|Any CPU.ActiveCfg = AppStore|iPhone
		{F4BC3A21-2527-4B9C-B472-356BD561358B}.AppStore|ARM.ActiveCfg = AppStore|iPhone
		{F4BC3A21-2527-4B9C-B472-356BD561358B}.AppStore|iPhone.ActiveCfg = AppStore|iPhone
		{F4BC3A21-2527-4B9C-B472-356BD561358B}.AppStore|iPhone.Build.0 = AppStore|iPhone
		{F4BC3A21-2527-4B9C-B472-356BD561358B}.AppStore|iPhoneSimulator.ActiveCfg = AppStore|iPhoneSimulator
		{F4BC3A21-2527-4B9C-B472-356BD561358B}.AppStore|iPhoneSimulator.Build.0 = AppStore|iPhoneSimulator
		{F4BC3A21-2527-4B9C-B472-356BD561358B}.AppStore|x64.ActiveCfg = AppStore|iPhone
		{F4BC3A21-2527-4B9C-B472-356BD561358B}.AppStore|x86.ActiveCfg = AppStore|iPhone
		{F4BC3A21-2527-4B9C-B472-356BD561358B}.Debug|Any CPU.ActiveCfg = Debug|iPhone
		{F4BC3A21-2527-4B9C-B472-356BD561358B}.Debug|ARM.ActiveCfg = Debug|iPhone
		{F4BC3A21-2527-4B9C-B472-356BD561358B}.Debug|iPhone.ActiveCfg = Debug|iPhone
		{F4BC3A21-2527-4B9C-B472-356BD561358B}.Debug|iPhone.Build.0 = Debug|iPhone
		{F4BC3A21-2527-4B9C-B472-356BD561358B}.Debug|iPhoneSimulator.ActiveCfg = Debug|iPhoneSimulator
		{F4BC3A21-2527-4B9C-B472-356BD561358B}.Debug|iPhoneSimulator.Build.0 = Debug|iPhoneSimulator
		{F4BC3A21-2527-4B9C-B472-356BD561358B}.Debug|x64.ActiveCfg = Debug|iPhone
		{F4BC3A21-2527-4B9C-B472-356BD561358B}.Debug|x86.ActiveCfg = Debug|iPhone
		{F4BC3A21-2527-4B9C-B472-356BD561358B}.Release|Any CPU.ActiveCfg = Release|iPhone
		{F4BC3A21-2527-4B9C-B472-356BD561358B}.Release|ARM.ActiveCfg = Release|iPhone
		{F4BC3A21-2527-4B9C-B472-356BD561358B}.Release|iPhone.ActiveCfg = Release|iPhone
		{F4BC3A21-2527-4B9C-B472-356BD561358B}.Release|iPhone.Build.0 = Release|iPhone
		{F4BC3A21-2527-4B9C-B472-356BD561358B}.Release|iPhoneSimulator.ActiveCfg = Release|iPhoneSimulator
		{F4BC3A21-2527-4B9C-B472-356BD561358B}.Release|iPhoneSimulator.Build.0 = Release|iPhoneSimulator
		{F4BC3A21-2527-4B9C-B472-356BD561358B}.Release|x64.ActiveCfg = Release|iPhone
		{F4BC3A21-2527-4B9C-B472-356BD561358B}.Release|x86.ActiveCfg = Release|iPhone
		{DA7D0D28-CA0B-4640-B8DD-B2A95F9ACCF3}.Ad-Hoc|Any CPU.ActiveCfg = Release|Any CPU
		{DA7D0D28-CA0B-4640-B8DD-B2A95F9ACCF3}.Ad-Hoc|Any CPU.Build.0 = Release|Any CPU
		{DA7D0D28-CA0B-4640-B8DD-B2A95F9ACCF3}.Ad-Hoc|Any CPU.Deploy.0 = Release|Any CPU
		{DA7D0D28-CA0B-4640-B8DD-B2A95F9ACCF3}.Ad-Hoc|ARM.ActiveCfg = Release|ARM
		{DA7D0D28-CA0B-4640-B8DD-B2A95F9ACCF3}.Ad-Hoc|ARM.Build.0 = Release|ARM
		{DA7D0D28-CA0B-4640-B8DD-B2A95F9ACCF3}.Ad-Hoc|ARM.Deploy.0 = Release|ARM
		{DA7D0D28-CA0B-4640-B8DD-B2A95F9ACCF3}.Ad-Hoc|iPhone.ActiveCfg = Release|Any CPU
		{DA7D0D28-CA0B-4640-B8DD-B2A95F9ACCF3}.Ad-Hoc|iPhone.Build.0 = Release|Any CPU
		{DA7D0D28-CA0B-4640-B8DD-B2A95F9ACCF3}.Ad-Hoc|iPhone.Deploy.0 = Release|Any CPU
		{DA7D0D28-CA0B-4640-B8DD-B2A95F9ACCF3}.Ad-Hoc|iPhoneSimulator.ActiveCfg = Release|Any CPU
		{DA7D0D28-CA0B-4640-B8DD-B2A95F9ACCF3}.Ad-Hoc|iPhoneSimulator.Build.0 = Release|Any CPU
		{DA7D0D28-CA0B-4640-B8DD-B2A95F9ACCF3}.Ad-Hoc|iPhoneSimulator.Deploy.0 = Release|Any CPU
		{DA7D0D28-CA0B-4640-B8DD-B2A95F9ACCF3}.Ad-Hoc|x64.ActiveCfg = Release|Any CPU
		{DA7D0D28-CA0B-4640-B8DD-B2A95F9ACCF3}.Ad-Hoc|x64.Build.0 = Release|Any CPU
		{DA7D0D28-CA0B-4640-B8DD-B2A95F9ACCF3}.Ad-Hoc|x64.Deploy.0 = Release|Any CPU
		{DA7D0D28-CA0B-4640-B8DD-B2A95F9ACCF3}.Ad-Hoc|x86.ActiveCfg = Release|x86
		{DA7D0D28-CA0B-4640-B8DD-B2A95F9ACCF3}.Ad-Hoc|x86.Build.0 = Release|x86
		{DA7D0D28-CA0B-4640-B8DD-B2A95F9ACCF3}.Ad-Hoc|x86.Deploy.0 = Release|x86
		{DA7D0D28-CA0B-4640-B8DD-B2A95F9ACCF3}.AppStore|Any CPU.ActiveCfg = Release|Any CPU
		{DA7D0D28-CA0B-4640-B8DD-B2A95F9ACCF3}.AppStore|Any CPU.Build.0 = Release|Any CPU
		{DA7D0D28-CA0B-4640-B8DD-B2A95F9ACCF3}.AppStore|Any CPU.Deploy.0 = Release|Any CPU
		{DA7D0D28-CA0B-4640-B8DD-B2A95F9ACCF3}.AppStore|ARM.ActiveCfg = Release|ARM
		{DA7D0D28-CA0B-4640-B8DD-B2A95F9ACCF3}.AppStore|ARM.Build.0 = Release|ARM
		{DA7D0D28-CA0B-4640-B8DD-B2A95F9ACCF3}.AppStore|ARM.Deploy.0 = Release|ARM
		{DA7D0D28-CA0B-4640-B8DD-B2A95F9ACCF3}.AppStore|iPhone.ActiveCfg = Release|Any CPU
		{DA7D0D28-CA0B-4640-B8DD-B2A95F9ACCF3}.AppStore|iPhone.Build.0 = Release|Any CPU
		{DA7D0D28-CA0B-4640-B8DD-B2A95F9ACCF3}.AppStore|iPhone.Deploy.0 = Release|Any CPU
		{DA7D0D28-CA0B-4640-B8DD-B2A95F9ACCF3}.AppStore|iPhoneSimulator.ActiveCfg = Release|Any CPU
		{DA7D0D28-CA0B-4640-B8DD-B2A95F9ACCF3}.AppStore|iPhoneSimulator.Build.0 = Release|Any CPU
		{DA7D0D28-CA0B-4640-B8DD-B2A95F9ACCF3}.AppStore|iPhoneSimulator.Deploy.0 = Release|Any CPU
		{DA7D0D28-CA0B-4640-B8DD-B2A95F9ACCF3}.AppStore|x64.ActiveCfg = Release|Any CPU
		{DA7D0D28-CA0B-4640-B8DD-B2A95F9ACCF3}.AppStore|x64.Build.0 = Release|Any CPU
		{DA7D0D28-CA0B-4640-B8DD-B2A95F9ACCF3}.AppStore|x64.Deploy.0 = Release|Any CPU
		{DA7D0D28-CA0B-4640-B8DD-B2A95F9ACCF3}.AppStore|x86.ActiveCfg = Release|x86
		{DA7D0D28-CA0B-4640-B8DD-B2A95F9ACCF3}.AppStore|x86.Build.0 = Release|x86
		{DA7D0D28-CA0B-4640-B8DD-B2A95F9ACCF3}.AppStore|x86.Deploy.0 = Release|x86
		{DA7D0D28-CA0B-4640-B8DD-B2A95F9ACCF3}.Debug|Any CPU.ActiveCfg = Debug|Any CPU
		{DA7D0D28-CA0B-4640-B8DD-B2A95F9ACCF3}.Debug|Any CPU.Build.0 = Debug|Any CPU
		{DA7D0D28-CA0B-4640-B8DD-B2A95F9ACCF3}.Debug|Any CPU.Deploy.0 = Debug|Any CPU
		{DA7D0D28-CA0B-4640-B8DD-B2A95F9ACCF3}.Debug|ARM.ActiveCfg = Debug|ARM
		{DA7D0D28-CA0B-4640-B8DD-B2A95F9ACCF3}.Debug|ARM.Build.0 = Debug|ARM
		{DA7D0D28-CA0B-4640-B8DD-B2A95F9ACCF3}.Debug|ARM.Deploy.0 = Debug|ARM
		{DA7D0D28-CA0B-4640-B8DD-B2A95F9ACCF3}.Debug|iPhone.ActiveCfg = Debug|Any CPU
		{DA7D0D28-CA0B-4640-B8DD-B2A95F9ACCF3}.Debug|iPhone.Build.0 = Debug|Any CPU
		{DA7D0D28-CA0B-4640-B8DD-B2A95F9ACCF3}.Debug|iPhone.Deploy.0 = Debug|Any CPU
		{DA7D0D28-CA0B-4640-B8DD-B2A95F9ACCF3}.Debug|iPhoneSimulator.ActiveCfg = Debug|Any CPU
		{DA7D0D28-CA0B-4640-B8DD-B2A95F9ACCF3}.Debug|iPhoneSimulator.Build.0 = Debug|Any CPU
		{DA7D0D28-CA0B-4640-B8DD-B2A95F9ACCF3}.Debug|iPhoneSimulator.Deploy.0 = Debug|Any CPU
		{DA7D0D28-CA0B-4640-B8DD-B2A95F9ACCF3}.Debug|x64.ActiveCfg = Debug|Any CPU
		{DA7D0D28-CA0B-4640-B8DD-B2A95F9ACCF3}.Debug|x64.Build.0 = Debug|Any CPU
		{DA7D0D28-CA0B-4640-B8DD-B2A95F9ACCF3}.Debug|x64.Deploy.0 = Debug|Any CPU
		{DA7D0D28-CA0B-4640-B8DD-B2A95F9ACCF3}.Debug|x86.ActiveCfg = Debug|x86
		{DA7D0D28-CA0B-4640-B8DD-B2A95F9ACCF3}.Debug|x86.Build.0 = Debug|x86
		{DA7D0D28-CA0B-4640-B8DD-B2A95F9ACCF3}.Debug|x86.Deploy.0 = Debug|x86
		{DA7D0D28-CA0B-4640-B8DD-B2A95F9ACCF3}.Release|Any CPU.ActiveCfg = Release|Any CPU
		{DA7D0D28-CA0B-4640-B8DD-B2A95F9ACCF3}.Release|Any CPU.Build.0 = Release|Any CPU
		{DA7D0D28-CA0B-4640-B8DD-B2A95F9ACCF3}.Release|Any CPU.Deploy.0 = Release|Any CPU
		{DA7D0D28-CA0B-4640-B8DD-B2A95F9ACCF3}.Release|ARM.ActiveCfg = Release|ARM
		{DA7D0D28-CA0B-4640-B8DD-B2A95F9ACCF3}.Release|ARM.Build.0 = Release|ARM
		{DA7D0D28-CA0B-4640-B8DD-B2A95F9ACCF3}.Release|ARM.Deploy.0 = Release|ARM
		{DA7D0D28-CA0B-4640-B8DD-B2A95F9ACCF3}.Release|iPhone.ActiveCfg = Release|Any CPU
		{DA7D0D28-CA0B-4640-B8DD-B2A95F9ACCF3}.Release|iPhone.Build.0 = Release|Any CPU
		{DA7D0D28-CA0B-4640-B8DD-B2A95F9ACCF3}.Release|iPhone.Deploy.0 = Release|Any CPU
		{DA7D0D28-CA0B-4640-B8DD-B2A95F9ACCF3}.Release|iPhoneSimulator.ActiveCfg = Release|Any CPU
		{DA7D0D28-CA0B-4640-B8DD-B2A95F9ACCF3}.Release|iPhoneSimulator.Build.0 = Release|Any CPU
		{DA7D0D28-CA0B-4640-B8DD-B2A95F9ACCF3}.Release|iPhoneSimulator.Deploy.0 = Release|Any CPU
		{DA7D0D28-CA0B-4640-B8DD-B2A95F9ACCF3}.Release|x64.ActiveCfg = Release|Any CPU
		{DA7D0D28-CA0B-4640-B8DD-B2A95F9ACCF3}.Release|x64.Build.0 = Release|Any CPU
		{DA7D0D28-CA0B-4640-B8DD-B2A95F9ACCF3}.Release|x64.Deploy.0 = Release|Any CPU
		{DA7D0D28-CA0B-4640-B8DD-B2A95F9ACCF3}.Release|x86.ActiveCfg = Release|x86
		{DA7D0D28-CA0B-4640-B8DD-B2A95F9ACCF3}.Release|x86.Build.0 = Release|x86
		{DA7D0D28-CA0B-4640-B8DD-B2A95F9ACCF3}.Release|x86.Deploy.0 = Release|x86
		{CFB0A8DA-4355-4669-AF09-C42BE0439D1B}.Ad-Hoc|Any CPU.ActiveCfg = Release|Any CPU
		{CFB0A8DA-4355-4669-AF09-C42BE0439D1B}.Ad-Hoc|Any CPU.Build.0 = Release|Any CPU
		{CFB0A8DA-4355-4669-AF09-C42BE0439D1B}.Ad-Hoc|Any CPU.Deploy.0 = Release|Any CPU
		{CFB0A8DA-4355-4669-AF09-C42BE0439D1B}.Ad-Hoc|ARM.ActiveCfg = Release|ARM
		{CFB0A8DA-4355-4669-AF09-C42BE0439D1B}.Ad-Hoc|ARM.Build.0 = Release|ARM
		{CFB0A8DA-4355-4669-AF09-C42BE0439D1B}.Ad-Hoc|ARM.Deploy.0 = Release|ARM
		{CFB0A8DA-4355-4669-AF09-C42BE0439D1B}.Ad-Hoc|iPhone.ActiveCfg = Release|Any CPU
		{CFB0A8DA-4355-4669-AF09-C42BE0439D1B}.Ad-Hoc|iPhone.Build.0 = Release|Any CPU
		{CFB0A8DA-4355-4669-AF09-C42BE0439D1B}.Ad-Hoc|iPhone.Deploy.0 = Release|Any CPU
		{CFB0A8DA-4355-4669-AF09-C42BE0439D1B}.Ad-Hoc|iPhoneSimulator.ActiveCfg = Release|Any CPU
		{CFB0A8DA-4355-4669-AF09-C42BE0439D1B}.Ad-Hoc|iPhoneSimulator.Build.0 = Release|Any CPU
		{CFB0A8DA-4355-4669-AF09-C42BE0439D1B}.Ad-Hoc|iPhoneSimulator.Deploy.0 = Release|Any CPU
		{CFB0A8DA-4355-4669-AF09-C42BE0439D1B}.Ad-Hoc|x64.ActiveCfg = Release|x64
		{CFB0A8DA-4355-4669-AF09-C42BE0439D1B}.Ad-Hoc|x64.Build.0 = Release|x64
		{CFB0A8DA-4355-4669-AF09-C42BE0439D1B}.Ad-Hoc|x64.Deploy.0 = Release|x64
		{CFB0A8DA-4355-4669-AF09-C42BE0439D1B}.Ad-Hoc|x86.ActiveCfg = Release|x86
		{CFB0A8DA-4355-4669-AF09-C42BE0439D1B}.Ad-Hoc|x86.Build.0 = Release|x86
		{CFB0A8DA-4355-4669-AF09-C42BE0439D1B}.Ad-Hoc|x86.Deploy.0 = Release|x86
		{CFB0A8DA-4355-4669-AF09-C42BE0439D1B}.AppStore|Any CPU.ActiveCfg = Release|Any CPU
		{CFB0A8DA-4355-4669-AF09-C42BE0439D1B}.AppStore|Any CPU.Build.0 = Release|Any CPU
		{CFB0A8DA-4355-4669-AF09-C42BE0439D1B}.AppStore|Any CPU.Deploy.0 = Release|Any CPU
		{CFB0A8DA-4355-4669-AF09-C42BE0439D1B}.AppStore|ARM.ActiveCfg = Release|ARM
		{CFB0A8DA-4355-4669-AF09-C42BE0439D1B}.AppStore|ARM.Build.0 = Release|ARM
		{CFB0A8DA-4355-4669-AF09-C42BE0439D1B}.AppStore|ARM.Deploy.0 = Release|ARM
		{CFB0A8DA-4355-4669-AF09-C42BE0439D1B}.AppStore|iPhone.ActiveCfg = Release|Any CPU
		{CFB0A8DA-4355-4669-AF09-C42BE0439D1B}.AppStore|iPhone.Build.0 = Release|Any CPU
		{CFB0A8DA-4355-4669-AF09-C42BE0439D1B}.AppStore|iPhone.Deploy.0 = Release|Any CPU
		{CFB0A8DA-4355-4669-AF09-C42BE0439D1B}.AppStore|iPhoneSimulator.ActiveCfg = Release|Any CPU
		{CFB0A8DA-4355-4669-AF09-C42BE0439D1B}.AppStore|iPhoneSimulator.Build.0 = Release|Any CPU
		{CFB0A8DA-4355-4669-AF09-C42BE0439D1B}.AppStore|iPhoneSimulator.Deploy.0 = Release|Any CPU
		{CFB0A8DA-4355-4669-AF09-C42BE0439D1B}.AppStore|x64.ActiveCfg = Release|x64
		{CFB0A8DA-4355-4669-AF09-C42BE0439D1B}.AppStore|x64.Build.0 = Release|x64
		{CFB0A8DA-4355-4669-AF09-C42BE0439D1B}.AppStore|x64.Deploy.0 = Release|x64
		{CFB0A8DA-4355-4669-AF09-C42BE0439D1B}.AppStore|x86.ActiveCfg = Release|x86
		{CFB0A8DA-4355-4669-AF09-C42BE0439D1B}.AppStore|x86.Build.0 = Release|x86
		{CFB0A8DA-4355-4669-AF09-C42BE0439D1B}.AppStore|x86.Deploy.0 = Release|x86
		{CFB0A8DA-4355-4669-AF09-C42BE0439D1B}.Debug|Any CPU.ActiveCfg = Debug|Any CPU
		{CFB0A8DA-4355-4669-AF09-C42BE0439D1B}.Debug|Any CPU.Build.0 = Debug|Any CPU
		{CFB0A8DA-4355-4669-AF09-C42BE0439D1B}.Debug|Any CPU.Deploy.0 = Debug|Any CPU
		{CFB0A8DA-4355-4669-AF09-C42BE0439D1B}.Debug|ARM.ActiveCfg = Debug|ARM
		{CFB0A8DA-4355-4669-AF09-C42BE0439D1B}.Debug|ARM.Build.0 = Debug|ARM
		{CFB0A8DA-4355-4669-AF09-C42BE0439D1B}.Debug|ARM.Deploy.0 = Debug|ARM
		{CFB0A8DA-4355-4669-AF09-C42BE0439D1B}.Debug|iPhone.ActiveCfg = Debug|Any CPU
		{CFB0A8DA-4355-4669-AF09-C42BE0439D1B}.Debug|iPhone.Build.0 = Debug|Any CPU
		{CFB0A8DA-4355-4669-AF09-C42BE0439D1B}.Debug|iPhone.Deploy.0 = Debug|Any CPU
		{CFB0A8DA-4355-4669-AF09-C42BE0439D1B}.Debug|iPhoneSimulator.ActiveCfg = Debug|Any CPU
		{CFB0A8DA-4355-4669-AF09-C42BE0439D1B}.Debug|iPhoneSimulator.Build.0 = Debug|Any CPU
		{CFB0A8DA-4355-4669-AF09-C42BE0439D1B}.Debug|iPhoneSimulator.Deploy.0 = Debug|Any CPU
		{CFB0A8DA-4355-4669-AF09-C42BE0439D1B}.Debug|x64.ActiveCfg = Debug|x64
		{CFB0A8DA-4355-4669-AF09-C42BE0439D1B}.Debug|x64.Build.0 = Debug|x64
		{CFB0A8DA-4355-4669-AF09-C42BE0439D1B}.Debug|x64.Deploy.0 = Debug|x64
		{CFB0A8DA-4355-4669-AF09-C42BE0439D1B}.Debug|x86.ActiveCfg = Debug|x86
		{CFB0A8DA-4355-4669-AF09-C42BE0439D1B}.Debug|x86.Build.0 = Debug|x86
		{CFB0A8DA-4355-4669-AF09-C42BE0439D1B}.Debug|x86.Deploy.0 = Debug|x86
		{CFB0A8DA-4355-4669-AF09-C42BE0439D1B}.Release|Any CPU.ActiveCfg = Release|Any CPU
		{CFB0A8DA-4355-4669-AF09-C42BE0439D1B}.Release|Any CPU.Build.0 = Release|Any CPU
		{CFB0A8DA-4355-4669-AF09-C42BE0439D1B}.Release|Any CPU.Deploy.0 = Release|Any CPU
		{CFB0A8DA-4355-4669-AF09-C42BE0439D1B}.Release|ARM.ActiveCfg = Release|ARM
		{CFB0A8DA-4355-4669-AF09-C42BE0439D1B}.Release|ARM.Build.0 = Release|ARM
		{CFB0A8DA-4355-4669-AF09-C42BE0439D1B}.Release|ARM.Deploy.0 = Release|ARM
		{CFB0A8DA-4355-4669-AF09-C42BE0439D1B}.Release|iPhone.ActiveCfg = Release|Any CPU
		{CFB0A8DA-4355-4669-AF09-C42BE0439D1B}.Release|iPhone.Build.0 = Release|Any CPU
		{CFB0A8DA-4355-4669-AF09-C42BE0439D1B}.Release|iPhone.Deploy.0 = Release|Any CPU
		{CFB0A8DA-4355-4669-AF09-C42BE0439D1B}.Release|iPhoneSimulator.ActiveCfg = Release|Any CPU
		{CFB0A8DA-4355-4669-AF09-C42BE0439D1B}.Release|iPhoneSimulator.Build.0 = Release|Any CPU
		{CFB0A8DA-4355-4669-AF09-C42BE0439D1B}.Release|iPhoneSimulator.Deploy.0 = Release|Any CPU
		{CFB0A8DA-4355-4669-AF09-C42BE0439D1B}.Release|x64.ActiveCfg = Release|x64
		{CFB0A8DA-4355-4669-AF09-C42BE0439D1B}.Release|x64.Build.0 = Release|x64
		{CFB0A8DA-4355-4669-AF09-C42BE0439D1B}.Release|x64.Deploy.0 = Release|x64
		{CFB0A8DA-4355-4669-AF09-C42BE0439D1B}.Release|x86.ActiveCfg = Release|x86
		{CFB0A8DA-4355-4669-AF09-C42BE0439D1B}.Release|x86.Build.0 = Release|x86
		{CFB0A8DA-4355-4669-AF09-C42BE0439D1B}.Release|x86.Deploy.0 = Release|x86
		{D1D13CA8-D35E-40D3-9FCA-AEC896D2F5A2}.Ad-Hoc|Any CPU.ActiveCfg = Release|Any CPU
		{D1D13CA8-D35E-40D3-9FCA-AEC896D2F5A2}.Ad-Hoc|Any CPU.Build.0 = Release|Any CPU
		{D1D13CA8-D35E-40D3-9FCA-AEC896D2F5A2}.Ad-Hoc|ARM.ActiveCfg = Release|Any CPU
		{D1D13CA8-D35E-40D3-9FCA-AEC896D2F5A2}.Ad-Hoc|ARM.Build.0 = Release|Any CPU
		{D1D13CA8-D35E-40D3-9FCA-AEC896D2F5A2}.Ad-Hoc|iPhone.ActiveCfg = Release|Any CPU
		{D1D13CA8-D35E-40D3-9FCA-AEC896D2F5A2}.Ad-Hoc|iPhone.Build.0 = Release|Any CPU
		{D1D13CA8-D35E-40D3-9FCA-AEC896D2F5A2}.Ad-Hoc|iPhoneSimulator.ActiveCfg = Release|Any CPU
		{D1D13CA8-D35E-40D3-9FCA-AEC896D2F5A2}.Ad-Hoc|iPhoneSimulator.Build.0 = Release|Any CPU
		{D1D13CA8-D35E-40D3-9FCA-AEC896D2F5A2}.Ad-Hoc|x64.ActiveCfg = Release|Any CPU
		{D1D13CA8-D35E-40D3-9FCA-AEC896D2F5A2}.Ad-Hoc|x64.Build.0 = Release|Any CPU
		{D1D13CA8-D35E-40D3-9FCA-AEC896D2F5A2}.Ad-Hoc|x86.ActiveCfg = Release|Any CPU
		{D1D13CA8-D35E-40D3-9FCA-AEC896D2F5A2}.Ad-Hoc|x86.Build.0 = Release|Any CPU
		{D1D13CA8-D35E-40D3-9FCA-AEC896D2F5A2}.AppStore|Any CPU.ActiveCfg = Release|Any CPU
		{D1D13CA8-D35E-40D3-9FCA-AEC896D2F5A2}.AppStore|Any CPU.Build.0 = Release|Any CPU
		{D1D13CA8-D35E-40D3-9FCA-AEC896D2F5A2}.AppStore|ARM.ActiveCfg = Release|Any CPU
		{D1D13CA8-D35E-40D3-9FCA-AEC896D2F5A2}.AppStore|ARM.Build.0 = Release|Any CPU
		{D1D13CA8-D35E-40D3-9FCA-AEC896D2F5A2}.AppStore|iPhone.ActiveCfg = Release|Any CPU
		{D1D13CA8-D35E-40D3-9FCA-AEC896D2F5A2}.AppStore|iPhone.Build.0 = Release|Any CPU
		{D1D13CA8-D35E-40D3-9FCA-AEC896D2F5A2}.AppStore|iPhoneSimulator.ActiveCfg = Release|Any CPU
		{D1D13CA8-D35E-40D3-9FCA-AEC896D2F5A2}.AppStore|iPhoneSimulator.Build.0 = Release|Any CPU
		{D1D13CA8-D35E-40D3-9FCA-AEC896D2F5A2}.AppStore|x64.ActiveCfg = Release|Any CPU
		{D1D13CA8-D35E-40D3-9FCA-AEC896D2F5A2}.AppStore|x64.Build.0 = Release|Any CPU
		{D1D13CA8-D35E-40D3-9FCA-AEC896D2F5A2}.AppStore|x86.ActiveCfg = Release|Any CPU
		{D1D13CA8-D35E-40D3-9FCA-AEC896D2F5A2}.AppStore|x86.Build.0 = Release|Any CPU
		{D1D13CA8-D35E-40D3-9FCA-AEC896D2F5A2}.Debug|Any CPU.ActiveCfg = Debug|Any CPU
		{D1D13CA8-D35E-40D3-9FCA-AEC896D2F5A2}.Debug|Any CPU.Build.0 = Debug|Any CPU
		{D1D13CA8-D35E-40D3-9FCA-AEC896D2F5A2}.Debug|ARM.ActiveCfg = Debug|Any CPU
		{D1D13CA8-D35E-40D3-9FCA-AEC896D2F5A2}.Debug|ARM.Build.0 = Debug|Any CPU
		{D1D13CA8-D35E-40D3-9FCA-AEC896D2F5A2}.Debug|iPhone.ActiveCfg = Debug|Any CPU
		{D1D13CA8-D35E-40D3-9FCA-AEC896D2F5A2}.Debug|iPhone.Build.0 = Debug|Any CPU
		{D1D13CA8-D35E-40D3-9FCA-AEC896D2F5A2}.Debug|iPhoneSimulator.ActiveCfg = Debug|Any CPU
		{D1D13CA8-D35E-40D3-9FCA-AEC896D2F5A2}.Debug|iPhoneSimulator.Build.0 = Debug|Any CPU
		{D1D13CA8-D35E-40D3-9FCA-AEC896D2F5A2}.Debug|x64.ActiveCfg = Debug|Any CPU
		{D1D13CA8-D35E-40D3-9FCA-AEC896D2F5A2}.Debug|x64.Build.0 = Debug|Any CPU
		{D1D13CA8-D35E-40D3-9FCA-AEC896D2F5A2}.Debug|x86.ActiveCfg = Debug|Any CPU
		{D1D13CA8-D35E-40D3-9FCA-AEC896D2F5A2}.Debug|x86.Build.0 = Debug|Any CPU
		{D1D13CA8-D35E-40D3-9FCA-AEC896D2F5A2}.Release|Any CPU.ActiveCfg = Release|Any CPU
		{D1D13CA8-D35E-40D3-9FCA-AEC896D2F5A2}.Release|Any CPU.Build.0 = Release|Any CPU
		{D1D13CA8-D35E-40D3-9FCA-AEC896D2F5A2}.Release|ARM.ActiveCfg = Release|Any CPU
		{D1D13CA8-D35E-40D3-9FCA-AEC896D2F5A2}.Release|ARM.Build.0 = Release|Any CPU
		{D1D13CA8-D35E-40D3-9FCA-AEC896D2F5A2}.Release|iPhone.ActiveCfg = Release|Any CPU
		{D1D13CA8-D35E-40D3-9FCA-AEC896D2F5A2}.Release|iPhone.Build.0 = Release|Any CPU
		{D1D13CA8-D35E-40D3-9FCA-AEC896D2F5A2}.Release|iPhoneSimulator.ActiveCfg = Release|Any CPU
		{D1D13CA8-D35E-40D3-9FCA-AEC896D2F5A2}.Release|iPhoneSimulator.Build.0 = Release|Any CPU
		{D1D13CA8-D35E-40D3-9FCA-AEC896D2F5A2}.Release|x64.ActiveCfg = Release|Any CPU
		{D1D13CA8-D35E-40D3-9FCA-AEC896D2F5A2}.Release|x64.Build.0 = Release|Any CPU
		{D1D13CA8-D35E-40D3-9FCA-AEC896D2F5A2}.Release|x86.ActiveCfg = Release|Any CPU
		{D1D13CA8-D35E-40D3-9FCA-AEC896D2F5A2}.Release|x86.Build.0 = Release|Any CPU
	EndGlobalSection
	GlobalSection(SolutionProperties) = preSolution
		HideSolutionNode = FALSE
	EndGlobalSection
EndGlobal
