
Microsoft Visual Studio Solution File, Format Version 12.00
# Visual Studio 14
VisualStudioVersion = 14.0.25420.1
MinimumVisualStudioVersion = 10.0.40219.1
Project("{FAE04EC0-301F-11D3-BF4B-00C04F79EFBC}") = "BatteryService.Droid", "BatteryService\BatteryService.Droid\BatteryService.Droid.csproj", "{9B6A2D0F-6471-4809-B803-5CF69A5E15CE}"
EndProject
Project("{FAE04EC0-301F-11D3-BF4B-00C04F79EFBC}") = "BatteryService.iOS", "BatteryService\BatteryService.iOS\BatteryService.iOS.csproj", "{C9AD4AC2-ADCE-41C9-86CD-2B0E0465F0C8}"
EndProject
Project("{FAE04EC0-301F-11D3-BF4B-00C04F79EFBC}") = "BatteryService.WinPhone", "BatteryService\BatteryService.WinPhone\BatteryService.WinPhone.csproj", "{818D50FA-D569-4E4C-B52E-642EE689E3F2}"
EndProject
Project("{FAE04EC0-301F-11D3-BF4B-00C04F79EFBC}") = "BatteryService.Windows", "BatteryService\BatteryService.Windows\BatteryService.Windows.csproj", "{86723A72-7924-4354-AB58-6DAB1BED1A18}"
EndProject
Project("{FAE04EC0-301F-11D3-BF4B-00C04F79EFBC}") = "BatteryService", "BatteryService\BatteryService\BatteryService.csproj", "{477C53B2-EDFB-4BE8-AF21-33DA0C532896}"
EndProject
Global
	GlobalSection(SolutionConfigurationPlatforms) = preSolution
		Ad-Hoc|Any CPU = Ad-Hoc|Any CPU
		Ad-Hoc|ARM = Ad-Hoc|ARM
		Ad-Hoc|iPhone = Ad-Hoc|iPhone
		Ad-Hoc|iPhoneSimulator = Ad-Hoc|iPhoneSimulator
		Ad-Hoc|x64 = Ad-Hoc|x64
		Ad-Hoc|x86 = Ad-Hoc|x86
		AppStore|Any CPU = AppStore|Any CPU
		AppStore|ARM = AppStore|ARM
		AppStore|iPhone = AppStore|iPhone
		AppStore|iPhoneSimulator = AppStore|iPhoneSimulator
		AppStore|x64 = AppStore|x64
		AppStore|x86 = AppStore|x86
		Debug|Any CPU = Debug|Any CPU
		Debug|ARM = Debug|ARM
		Debug|iPhone = Debug|iPhone
		Debug|iPhoneSimulator = Debug|iPhoneSimulator
		Debug|x64 = Debug|x64
		Debug|x86 = Debug|x86
		Release|Any CPU = Release|Any CPU
		Release|ARM = Release|ARM
		Release|iPhone = Release|iPhone
		Release|iPhoneSimulator = Release|iPhoneSimulator
		Release|x64 = Release|x64
		Release|x86 = Release|x86
	EndGlobalSection
	GlobalSection(ProjectConfigurationPlatforms) = postSolution
		{9B6A2D0F-6471-4809-B803-5CF69A5E15CE}.Ad-Hoc|Any CPU.ActiveCfg = Release|Any CPU
		{9B6A2D0F-6471-4809-B803-5CF69A5E15CE}.Ad-Hoc|Any CPU.Build.0 = Release|Any CPU
		{9B6A2D0F-6471-4809-B803-5CF69A5E15CE}.Ad-Hoc|Any CPU.Deploy.0 = Release|Any CPU
		{9B6A2D0F-6471-4809-B803-5CF69A5E15CE}.Ad-Hoc|ARM.ActiveCfg = Release|Any CPU
		{9B6A2D0F-6471-4809-B803-5CF69A5E15CE}.Ad-Hoc|ARM.Build.0 = Release|Any CPU
		{9B6A2D0F-6471-4809-B803-5CF69A5E15CE}.Ad-Hoc|ARM.Deploy.0 = Release|Any CPU
		{9B6A2D0F-6471-4809-B803-5CF69A5E15CE}.Ad-Hoc|iPhone.ActiveCfg = Release|Any CPU
		{9B6A2D0F-6471-4809-B803-5CF69A5E15CE}.Ad-Hoc|iPhone.Build.0 = Release|Any CPU
		{9B6A2D0F-6471-4809-B803-5CF69A5E15CE}.Ad-Hoc|iPhone.Deploy.0 = Release|Any CPU
		{9B6A2D0F-6471-4809-B803-5CF69A5E15CE}.Ad-Hoc|iPhoneSimulator.ActiveCfg = Release|Any CPU
		{9B6A2D0F-6471-4809-B803-5CF69A5E15CE}.Ad-Hoc|iPhoneSimulator.Build.0 = Release|Any CPU
		{9B6A2D0F-6471-4809-B803-5CF69A5E15CE}.Ad-Hoc|iPhoneSimulator.Deploy.0 = Release|Any CPU
		{9B6A2D0F-6471-4809-B803-5CF69A5E15CE}.Ad-Hoc|x64.ActiveCfg = Release|Any CPU
		{9B6A2D0F-6471-4809-B803-5CF69A5E15CE}.Ad-Hoc|x64.Build.0 = Release|Any CPU
		{9B6A2D0F-6471-4809-B803-5CF69A5E15CE}.Ad-Hoc|x64.Deploy.0 = Release|Any CPU
		{9B6A2D0F-6471-4809-B803-5CF69A5E15CE}.Ad-Hoc|x86.ActiveCfg = Release|Any CPU
		{9B6A2D0F-6471-4809-B803-5CF69A5E15CE}.Ad-Hoc|x86.Build.0 = Release|Any CPU
		{9B6A2D0F-6471-4809-B803-5CF69A5E15CE}.Ad-Hoc|x86.Deploy.0 = Release|Any CPU
		{9B6A2D0F-6471-4809-B803-5CF69A5E15CE}.AppStore|Any CPU.ActiveCfg = Release|Any CPU
		{9B6A2D0F-6471-4809-B803-5CF69A5E15CE}.AppStore|Any CPU.Build.0 = Release|Any CPU
		{9B6A2D0F-6471-4809-B803-5CF69A5E15CE}.AppStore|Any CPU.Deploy.0 = Release|Any CPU
		{9B6A2D0F-6471-4809-B803-5CF69A5E15CE}.AppStore|ARM.ActiveCfg = Release|Any CPU
		{9B6A2D0F-6471-4809-B803-5CF69A5E15CE}.AppStore|ARM.Build.0 = Release|Any CPU
		{9B6A2D0F-6471-4809-B803-5CF69A5E15CE}.AppStore|ARM.Deploy.0 = Release|Any CPU
		{9B6A2D0F-6471-4809-B803-5CF69A5E15CE}.AppStore|iPhone.ActiveCfg = Release|Any CPU
		{9B6A2D0F-6471-4809-B803-5CF69A5E15CE}.AppStore|iPhone.Build.0 = Release|Any CPU
		{9B6A2D0F-6471-4809-B803-5CF69A5E15CE}.AppStore|iPhone.Deploy.0 = Release|Any CPU
		{9B6A2D0F-6471-4809-B803-5CF69A5E15CE}.AppStore|iPhoneSimulator.ActiveCfg = Release|Any CPU
		{9B6A2D0F-6471-4809-B803-5CF69A5E15CE}.AppStore|iPhoneSimulator.Build.0 = Release|Any CPU
		{9B6A2D0F-6471-4809-B803-5CF69A5E15CE}.AppStore|iPhoneSimulator.Deploy.0 = Release|Any CPU
		{9B6A2D0F-6471-4809-B803-5CF69A5E15CE}.AppStore|x64.ActiveCfg = Release|Any CPU
		{9B6A2D0F-6471-4809-B803-5CF69A5E15CE}.AppStore|x64.Build.0 = Release|Any CPU
		{9B6A2D0F-6471-4809-B803-5CF69A5E15CE}.AppStore|x64.Deploy.0 = Release|Any CPU
		{9B6A2D0F-6471-4809-B803-5CF69A5E15CE}.AppStore|x86.ActiveCfg = Release|Any CPU
		{9B6A2D0F-6471-4809-B803-5CF69A5E15CE}.AppStore|x86.Build.0 = Release|Any CPU
		{9B6A2D0F-6471-4809-B803-5CF69A5E15CE}.AppStore|x86.Deploy.0 = Release|Any CPU
		{9B6A2D0F-6471-4809-B803-5CF69A5E15CE}.Debug|Any CPU.ActiveCfg = Debug|Any CPU
		{9B6A2D0F-6471-4809-B803-5CF69A5E15CE}.Debug|Any CPU.Build.0 = Debug|Any CPU
		{9B6A2D0F-6471-4809-B803-5CF69A5E15CE}.Debug|Any CPU.Deploy.0 = Debug|Any CPU
		{9B6A2D0F-6471-4809-B803-5CF69A5E15CE}.Debug|ARM.ActiveCfg = Debug|Any CPU
		{9B6A2D0F-6471-4809-B803-5CF69A5E15CE}.Debug|ARM.Build.0 = Debug|Any CPU
		{9B6A2D0F-6471-4809-B803-5CF69A5E15CE}.Debug|ARM.Deploy.0 = Debug|Any CPU
		{9B6A2D0F-6471-4809-B803-5CF69A5E15CE}.Debug|iPhone.ActiveCfg = Debug|Any CPU
		{9B6A2D0F-6471-4809-B803-5CF69A5E15CE}.Debug|iPhone.Build.0 = Debug|Any CPU
		{9B6A2D0F-6471-4809-B803-5CF69A5E15CE}.Debug|iPhone.Deploy.0 = Debug|Any CPU
		{9B6A2D0F-6471-4809-B803-5CF69A5E15CE}.Debug|iPhoneSimulator.ActiveCfg = Debug|Any CPU
		{9B6A2D0F-6471-4809-B803-5CF69A5E15CE}.Debug|iPhoneSimulator.Build.0 = Debug|Any CPU
		{9B6A2D0F-6471-4809-B803-5CF69A5E15CE}.Debug|iPhoneSimulator.Deploy.0 = Debug|Any CPU
		{9B6A2D0F-6471-4809-B803-5CF69A5E15CE}.Debug|x64.ActiveCfg = Debug|Any CPU
		{9B6A2D0F-6471-4809-B803-5CF69A5E15CE}.Debug|x64.Build.0 = Debug|Any CPU
		{9B6A2D0F-6471-4809-B803-5CF69A5E15CE}.Debug|x64.Deploy.0 = Debug|Any CPU
		{9B6A2D0F-6471-4809-B803-5CF69A5E15CE}.Debug|x86.ActiveCfg = Debug|Any CPU
		{9B6A2D0F-6471-4809-B803-5CF69A5E15CE}.Debug|x86.Build.0 = Debug|Any CPU
		{9B6A2D0F-6471-4809-B803-5CF69A5E15CE}.Debug|x86.Deploy.0 = Debug|Any CPU
		{9B6A2D0F-6471-4809-B803-5CF69A5E15CE}.Release|Any CPU.ActiveCfg = Release|Any CPU
		{9B6A2D0F-6471-4809-B803-5CF69A5E15CE}.Release|Any CPU.Build.0 = Release|Any CPU
		{9B6A2D0F-6471-4809-B803-5CF69A5E15CE}.Release|Any CPU.Deploy.0 = Release|Any CPU
		{9B6A2D0F-6471-4809-B803-5CF69A5E15CE}.Release|ARM.ActiveCfg = Release|Any CPU
		{9B6A2D0F-6471-4809-B803-5CF69A5E15CE}.Release|ARM.Build.0 = Release|Any CPU
		{9B6A2D0F-6471-4809-B803-5CF69A5E15CE}.Release|ARM.Deploy.0 = Release|Any CPU
		{9B6A2D0F-6471-4809-B803-5CF69A5E15CE}.Release|iPhone.ActiveCfg = Release|Any CPU
		{9B6A2D0F-6471-4809-B803-5CF69A5E15CE}.Release|iPhone.Build.0 = Release|Any CPU
		{9B6A2D0F-6471-4809-B803-5CF69A5E15CE}.Release|iPhone.Deploy.0 = Release|Any CPU
		{9B6A2D0F-6471-4809-B803-5CF69A5E15CE}.Release|iPhoneSimulator.ActiveCfg = Release|Any CPU
		{9B6A2D0F-6471-4809-B803-5CF69A5E15CE}.Release|iPhoneSimulator.Build.0 = Release|Any CPU
		{9B6A2D0F-6471-4809-B803-5CF69A5E15CE}.Release|iPhoneSimulator.Deploy.0 = Release|Any CPU
		{9B6A2D0F-6471-4809-B803-5CF69A5E15CE}.Release|x64.ActiveCfg = Release|Any CPU
		{9B6A2D0F-6471-4809-B803-5CF69A5E15CE}.Release|x64.Build.0 = Release|Any CPU
		{9B6A2D0F-6471-4809-B803-5CF69A5E15CE}.Release|x64.Deploy.0 = Release|Any CPU
		{9B6A2D0F-6471-4809-B803-5CF69A5E15CE}.Release|x86.ActiveCfg = Release|Any CPU
		{9B6A2D0F-6471-4809-B803-5CF69A5E15CE}.Release|x86.Build.0 = Release|Any CPU
		{9B6A2D0F-6471-4809-B803-5CF69A5E15CE}.Release|x86.Deploy.0 = Release|Any CPU
		{C9AD4AC2-ADCE-41C9-86CD-2B0E0465F0C8}.Ad-Hoc|Any CPU.ActiveCfg = Ad-Hoc|iPhone
		{C9AD4AC2-ADCE-41C9-86CD-2B0E0465F0C8}.Ad-Hoc|ARM.ActiveCfg = Ad-Hoc|iPhone
		{C9AD4AC2-ADCE-41C9-86CD-2B0E0465F0C8}.Ad-Hoc|iPhone.ActiveCfg = Ad-Hoc|iPhone
		{C9AD4AC2-ADCE-41C9-86CD-2B0E0465F0C8}.Ad-Hoc|iPhone.Build.0 = Ad-Hoc|iPhone
		{C9AD4AC2-ADCE-41C9-86CD-2B0E0465F0C8}.Ad-Hoc|iPhoneSimulator.ActiveCfg = Ad-Hoc|iPhoneSimulator
		{C9AD4AC2-ADCE-41C9-86CD-2B0E0465F0C8}.Ad-Hoc|iPhoneSimulator.Build.0 = Ad-Hoc|iPhoneSimulator
		{C9AD4AC2-ADCE-41C9-86CD-2B0E0465F0C8}.Ad-Hoc|x64.ActiveCfg = Ad-Hoc|iPhone
		{C9AD4AC2-ADCE-41C9-86CD-2B0E0465F0C8}.Ad-Hoc|x86.ActiveCfg = Ad-Hoc|iPhone
		{C9AD4AC2-ADCE-41C9-86CD-2B0E0465F0C8}.AppStore|Any CPU.ActiveCfg = AppStore|iPhone
		{C9AD4AC2-ADCE-41C9-86CD-2B0E0465F0C8}.AppStore|ARM.ActiveCfg = AppStore|iPhone
		{C9AD4AC2-ADCE-41C9-86CD-2B0E0465F0C8}.AppStore|iPhone.ActiveCfg = AppStore|iPhone
		{C9AD4AC2-ADCE-41C9-86CD-2B0E0465F0C8}.AppStore|iPhone.Build.0 = AppStore|iPhone
		{C9AD4AC2-ADCE-41C9-86CD-2B0E0465F0C8}.AppStore|iPhoneSimulator.ActiveCfg = AppStore|iPhoneSimulator
		{C9AD4AC2-ADCE-41C9-86CD-2B0E0465F0C8}.AppStore|iPhoneSimulator.Build.0 = AppStore|iPhoneSimulator
		{C9AD4AC2-ADCE-41C9-86CD-2B0E0465F0C8}.AppStore|x64.ActiveCfg = AppStore|iPhone
		{C9AD4AC2-ADCE-41C9-86CD-2B0E0465F0C8}.AppStore|x86.ActiveCfg = AppStore|iPhone
		{C9AD4AC2-ADCE-41C9-86CD-2B0E0465F0C8}.Debug|Any CPU.ActiveCfg = Debug|iPhone
		{C9AD4AC2-ADCE-41C9-86CD-2B0E0465F0C8}.Debug|ARM.ActiveCfg = Debug|iPhone
		{C9AD4AC2-ADCE-41C9-86CD-2B0E0465F0C8}.Debug|iPhone.ActiveCfg = Debug|iPhone
		{C9AD4AC2-ADCE-41C9-86CD-2B0E0465F0C8}.Debug|iPhone.Build.0 = Debug|iPhone
		{C9AD4AC2-ADCE-41C9-86CD-2B0E0465F0C8}.Debug|iPhoneSimulator.ActiveCfg = Debug|iPhoneSimulator
		{C9AD4AC2-ADCE-41C9-86CD-2B0E0465F0C8}.Debug|iPhoneSimulator.Build.0 = Debug|iPhoneSimulator
		{C9AD4AC2-ADCE-41C9-86CD-2B0E0465F0C8}.Debug|x64.ActiveCfg = Debug|iPhone
		{C9AD4AC2-ADCE-41C9-86CD-2B0E0465F0C8}.Debug|x86.ActiveCfg = Debug|iPhone
		{C9AD4AC2-ADCE-41C9-86CD-2B0E0465F0C8}.Release|Any CPU.ActiveCfg = Release|iPhone
		{C9AD4AC2-ADCE-41C9-86CD-2B0E0465F0C8}.Release|ARM.ActiveCfg = Release|iPhone
		{C9AD4AC2-ADCE-41C9-86CD-2B0E0465F0C8}.Release|iPhone.ActiveCfg = Release|iPhone
		{C9AD4AC2-ADCE-41C9-86CD-2B0E0465F0C8}.Release|iPhone.Build.0 = Release|iPhone
		{C9AD4AC2-ADCE-41C9-86CD-2B0E0465F0C8}.Release|iPhoneSimulator.ActiveCfg = Release|iPhoneSimulator
		{C9AD4AC2-ADCE-41C9-86CD-2B0E0465F0C8}.Release|iPhoneSimulator.Build.0 = Release|iPhoneSimulator
		{C9AD4AC2-ADCE-41C9-86CD-2B0E0465F0C8}.Release|x64.ActiveCfg = Release|iPhone
		{C9AD4AC2-ADCE-41C9-86CD-2B0E0465F0C8}.Release|x86.ActiveCfg = Release|iPhone
		{818D50FA-D569-4E4C-B52E-642EE689E3F2}.Ad-Hoc|Any CPU.ActiveCfg = Release|Any CPU
		{818D50FA-D569-4E4C-B52E-642EE689E3F2}.Ad-Hoc|Any CPU.Build.0 = Release|Any CPU
		{818D50FA-D569-4E4C-B52E-642EE689E3F2}.Ad-Hoc|Any CPU.Deploy.0 = Release|Any CPU
		{818D50FA-D569-4E4C-B52E-642EE689E3F2}.Ad-Hoc|ARM.ActiveCfg = Release|ARM
		{818D50FA-D569-4E4C-B52E-642EE689E3F2}.Ad-Hoc|ARM.Build.0 = Release|ARM
		{818D50FA-D569-4E4C-B52E-642EE689E3F2}.Ad-Hoc|ARM.Deploy.0 = Release|ARM
		{818D50FA-D569-4E4C-B52E-642EE689E3F2}.Ad-Hoc|iPhone.ActiveCfg = Release|Any CPU
		{818D50FA-D569-4E4C-B52E-642EE689E3F2}.Ad-Hoc|iPhone.Build.0 = Release|Any CPU
		{818D50FA-D569-4E4C-B52E-642EE689E3F2}.Ad-Hoc|iPhone.Deploy.0 = Release|Any CPU
		{818D50FA-D569-4E4C-B52E-642EE689E3F2}.Ad-Hoc|iPhoneSimulator.ActiveCfg = Release|Any CPU
		{818D50FA-D569-4E4C-B52E-642EE689E3F2}.Ad-Hoc|iPhoneSimulator.Build.0 = Release|Any CPU
		{818D50FA-D569-4E4C-B52E-642EE689E3F2}.Ad-Hoc|iPhoneSimulator.Deploy.0 = Release|Any CPU
		{818D50FA-D569-4E4C-B52E-642EE689E3F2}.Ad-Hoc|x64.ActiveCfg = Release|Any CPU
		{818D50FA-D569-4E4C-B52E-642EE689E3F2}.Ad-Hoc|x64.Build.0 = Release|Any CPU
		{818D50FA-D569-4E4C-B52E-642EE689E3F2}.Ad-Hoc|x64.Deploy.0 = Release|Any CPU
		{818D50FA-D569-4E4C-B52E-642EE689E3F2}.Ad-Hoc|x86.ActiveCfg = Release|x86
		{818D50FA-D569-4E4C-B52E-642EE689E3F2}.Ad-Hoc|x86.Build.0 = Release|x86
		{818D50FA-D569-4E4C-B52E-642EE689E3F2}.Ad-Hoc|x86.Deploy.0 = Release|x86
		{818D50FA-D569-4E4C-B52E-642EE689E3F2}.AppStore|Any CPU.ActiveCfg = Release|Any CPU
		{818D50FA-D569-4E4C-B52E-642EE689E3F2}.AppStore|Any CPU.Build.0 = Release|Any CPU
		{818D50FA-D569-4E4C-B52E-642EE689E3F2}.AppStore|Any CPU.Deploy.0 = Release|Any CPU
		{818D50FA-D569-4E4C-B52E-642EE689E3F2}.AppStore|ARM.ActiveCfg = Release|ARM
		{818D50FA-D569-4E4C-B52E-642EE689E3F2}.AppStore|ARM.Build.0 = Release|ARM
		{818D50FA-D569-4E4C-B52E-642EE689E3F2}.AppStore|ARM.Deploy.0 = Release|ARM
		{818D50FA-D569-4E4C-B52E-642EE689E3F2}.AppStore|iPhone.ActiveCfg = Release|Any CPU
		{818D50FA-D569-4E4C-B52E-642EE689E3F2}.AppStore|iPhone.Build.0 = Release|Any CPU
		{818D50FA-D569-4E4C-B52E-642EE689E3F2}.AppStore|iPhone.Deploy.0 = Release|Any CPU
		{818D50FA-D569-4E4C-B52E-642EE689E3F2}.AppStore|iPhoneSimulator.ActiveCfg = Release|Any CPU
		{818D50FA-D569-4E4C-B52E-642EE689E3F2}.AppStore|iPhoneSimulator.Build.0 = Release|Any CPU
		{818D50FA-D569-4E4C-B52E-642EE689E3F2}.AppStore|iPhoneSimulator.Deploy.0 = Release|Any CPU
		{818D50FA-D569-4E4C-B52E-642EE689E3F2}.AppStore|x64.ActiveCfg = Release|Any CPU
		{818D50FA-D569-4E4C-B52E-642EE689E3F2}.AppStore|x64.Build.0 = Release|Any CPU
		{818D50FA-D569-4E4C-B52E-642EE689E3F2}.AppStore|x64.Deploy.0 = Release|Any CPU
		{818D50FA-D569-4E4C-B52E-642EE689E3F2}.AppStore|x86.ActiveCfg = Release|x86
		{818D50FA-D569-4E4C-B52E-642EE689E3F2}.AppStore|x86.Build.0 = Release|x86
		{818D50FA-D569-4E4C-B52E-642EE689E3F2}.AppStore|x86.Deploy.0 = Release|x86
		{818D50FA-D569-4E4C-B52E-642EE689E3F2}.Debug|Any CPU.ActiveCfg = Debug|Any CPU
		{818D50FA-D569-4E4C-B52E-642EE689E3F2}.Debug|Any CPU.Build.0 = Debug|Any CPU
		{818D50FA-D569-4E4C-B52E-642EE689E3F2}.Debug|Any CPU.Deploy.0 = Debug|Any CPU
		{818D50FA-D569-4E4C-B52E-642EE689E3F2}.Debug|ARM.ActiveCfg = Debug|ARM
		{818D50FA-D569-4E4C-B52E-642EE689E3F2}.Debug|ARM.Build.0 = Debug|ARM
		{818D50FA-D569-4E4C-B52E-642EE689E3F2}.Debug|ARM.Deploy.0 = Debug|ARM
		{818D50FA-D569-4E4C-B52E-642EE689E3F2}.Debug|iPhone.ActiveCfg = Debug|Any CPU
		{818D50FA-D569-4E4C-B52E-642EE689E3F2}.Debug|iPhone.Build.0 = Debug|Any CPU
		{818D50FA-D569-4E4C-B52E-642EE689E3F2}.Debug|iPhone.Deploy.0 = Debug|Any CPU
		{818D50FA-D569-4E4C-B52E-642EE689E3F2}.Debug|iPhoneSimulator.ActiveCfg = Debug|Any CPU
		{818D50FA-D569-4E4C-B52E-642EE689E3F2}.Debug|iPhoneSimulator.Build.0 = Debug|Any CPU
		{818D50FA-D569-4E4C-B52E-642EE689E3F2}.Debug|iPhoneSimulator.Deploy.0 = Debug|Any CPU
		{818D50FA-D569-4E4C-B52E-642EE689E3F2}.Debug|x64.ActiveCfg = Debug|Any CPU
		{818D50FA-D569-4E4C-B52E-642EE689E3F2}.Debug|x64.Build.0 = Debug|Any CPU
		{818D50FA-D569-4E4C-B52E-642EE689E3F2}.Debug|x64.Deploy.0 = Debug|Any CPU
		{818D50FA-D569-4E4C-B52E-642EE689E3F2}.Debug|x86.ActiveCfg = Debug|x86
		{818D50FA-D569-4E4C-B52E-642EE689E3F2}.Debug|x86.Build.0 = Debug|x86
		{818D50FA-D569-4E4C-B52E-642EE689E3F2}.Debug|x86.Deploy.0 = Debug|x86
		{818D50FA-D569-4E4C-B52E-642EE689E3F2}.Release|Any CPU.ActiveCfg = Release|Any CPU
		{818D50FA-D569-4E4C-B52E-642EE689E3F2}.Release|Any CPU.Build.0 = Release|Any CPU
		{818D50FA-D569-4E4C-B52E-642EE689E3F2}.Release|Any CPU.Deploy.0 = Release|Any CPU
		{818D50FA-D569-4E4C-B52E-642EE689E3F2}.Release|ARM.ActiveCfg = Release|ARM
		{818D50FA-D569-4E4C-B52E-642EE689E3F2}.Release|ARM.Build.0 = Release|ARM
		{818D50FA-D569-4E4C-B52E-642EE689E3F2}.Release|ARM.Deploy.0 = Release|ARM
		{818D50FA-D569-4E4C-B52E-642EE689E3F2}.Release|iPhone.ActiveCfg = Release|Any CPU
		{818D50FA-D569-4E4C-B52E-642EE689E3F2}.Release|iPhone.Build.0 = Release|Any CPU
		{818D50FA-D569-4E4C-B52E-642EE689E3F2}.Release|iPhone.Deploy.0 = Release|Any CPU
		{818D50FA-D569-4E4C-B52E-642EE689E3F2}.Release|iPhoneSimulator.ActiveCfg = Release|Any CPU
		{818D50FA-D569-4E4C-B52E-642EE689E3F2}.Release|iPhoneSimulator.Build.0 = Release|Any CPU
		{818D50FA-D569-4E4C-B52E-642EE689E3F2}.Release|iPhoneSimulator.Deploy.0 = Release|Any CPU
		{818D50FA-D569-4E4C-B52E-642EE689E3F2}.Release|x64.ActiveCfg = Release|Any CPU
		{818D50FA-D569-4E4C-B52E-642EE689E3F2}.Release|x64.Build.0 = Release|Any CPU
		{818D50FA-D569-4E4C-B52E-642EE689E3F2}.Release|x64.Deploy.0 = Release|Any CPU
		{818D50FA-D569-4E4C-B52E-642EE689E3F2}.Release|x86.ActiveCfg = Release|x86
		{818D50FA-D569-4E4C-B52E-642EE689E3F2}.Release|x86.Build.0 = Release|x86
		{818D50FA-D569-4E4C-B52E-642EE689E3F2}.Release|x86.Deploy.0 = Release|x86
		{86723A72-7924-4354-AB58-6DAB1BED1A18}.Ad-Hoc|Any CPU.ActiveCfg = Release|Any CPU
		{86723A72-7924-4354-AB58-6DAB1BED1A18}.Ad-Hoc|Any CPU.Build.0 = Release|Any CPU
		{86723A72-7924-4354-AB58-6DAB1BED1A18}.Ad-Hoc|Any CPU.Deploy.0 = Release|Any CPU
		{86723A72-7924-4354-AB58-6DAB1BED1A18}.Ad-Hoc|ARM.ActiveCfg = Release|ARM
		{86723A72-7924-4354-AB58-6DAB1BED1A18}.Ad-Hoc|ARM.Build.0 = Release|ARM
		{86723A72-7924-4354-AB58-6DAB1BED1A18}.Ad-Hoc|ARM.Deploy.0 = Release|ARM
		{86723A72-7924-4354-AB58-6DAB1BED1A18}.Ad-Hoc|iPhone.ActiveCfg = Release|Any CPU
		{86723A72-7924-4354-AB58-6DAB1BED1A18}.Ad-Hoc|iPhone.Build.0 = Release|Any CPU
		{86723A72-7924-4354-AB58-6DAB1BED1A18}.Ad-Hoc|iPhone.Deploy.0 = Release|Any CPU
		{86723A72-7924-4354-AB58-6DAB1BED1A18}.Ad-Hoc|iPhoneSimulator.ActiveCfg = Release|Any CPU
		{86723A72-7924-4354-AB58-6DAB1BED1A18}.Ad-Hoc|iPhoneSimulator.Build.0 = Release|Any CPU
		{86723A72-7924-4354-AB58-6DAB1BED1A18}.Ad-Hoc|iPhoneSimulator.Deploy.0 = Release|Any CPU
		{86723A72-7924-4354-AB58-6DAB1BED1A18}.Ad-Hoc|x64.ActiveCfg = Release|x64
		{86723A72-7924-4354-AB58-6DAB1BED1A18}.Ad-Hoc|x64.Build.0 = Release|x64
		{86723A72-7924-4354-AB58-6DAB1BED1A18}.Ad-Hoc|x64.Deploy.0 = Release|x64
		{86723A72-7924-4354-AB58-6DAB1BED1A18}.Ad-Hoc|x86.ActiveCfg = Release|x86
		{86723A72-7924-4354-AB58-6DAB1BED1A18}.Ad-Hoc|x86.Build.0 = Release|x86
		{86723A72-7924-4354-AB58-6DAB1BED1A18}.Ad-Hoc|x86.Deploy.0 = Release|x86
		{86723A72-7924-4354-AB58-6DAB1BED1A18}.AppStore|Any CPU.ActiveCfg = Release|Any CPU
		{86723A72-7924-4354-AB58-6DAB1BED1A18}.AppStore|Any CPU.Build.0 = Release|Any CPU
		{86723A72-7924-4354-AB58-6DAB1BED1A18}.AppStore|Any CPU.Deploy.0 = Release|Any CPU
		{86723A72-7924-4354-AB58-6DAB1BED1A18}.AppStore|ARM.ActiveCfg = Release|ARM
		{86723A72-7924-4354-AB58-6DAB1BED1A18}.AppStore|ARM.Build.0 = Release|ARM
		{86723A72-7924-4354-AB58-6DAB1BED1A18}.AppStore|ARM.Deploy.0 = Release|ARM
		{86723A72-7924-4354-AB58-6DAB1BED1A18}.AppStore|iPhone.ActiveCfg = Release|Any CPU
		{86723A72-7924-4354-AB58-6DAB1BED1A18}.AppStore|iPhone.Build.0 = Release|Any CPU
		{86723A72-7924-4354-AB58-6DAB1BED1A18}.AppStore|iPhone.Deploy.0 = Release|Any CPU
		{86723A72-7924-4354-AB58-6DAB1BED1A18}.AppStore|iPhoneSimulator.ActiveCfg = Release|Any CPU
		{86723A72-7924-4354-AB58-6DAB1BED1A18}.AppStore|iPhoneSimulator.Build.0 = Release|Any CPU
		{86723A72-7924-4354-AB58-6DAB1BED1A18}.AppStore|iPhoneSimulator.Deploy.0 = Release|Any CPU
		{86723A72-7924-4354-AB58-6DAB1BED1A18}.AppStore|x64.ActiveCfg = Release|x64
		{86723A72-7924-4354-AB58-6DAB1BED1A18}.AppStore|x64.Build.0 = Release|x64
		{86723A72-7924-4354-AB58-6DAB1BED1A18}.AppStore|x64.Deploy.0 = Release|x64
		{86723A72-7924-4354-AB58-6DAB1BED1A18}.AppStore|x86.ActiveCfg = Release|x86
		{86723A72-7924-4354-AB58-6DAB1BED1A18}.AppStore|x86.Build.0 = Release|x86
		{86723A72-7924-4354-AB58-6DAB1BED1A18}.AppStore|x86.Deploy.0 = Release|x86
		{86723A72-7924-4354-AB58-6DAB1BED1A18}.Debug|Any CPU.ActiveCfg = Debug|Any CPU
		{86723A72-7924-4354-AB58-6DAB1BED1A18}.Debug|Any CPU.Build.0 = Debug|Any CPU
		{86723A72-7924-4354-AB58-6DAB1BED1A18}.Debug|Any CPU.Deploy.0 = Debug|Any CPU
		{86723A72-7924-4354-AB58-6DAB1BED1A18}.Debug|ARM.ActiveCfg = Debug|ARM
		{86723A72-7924-4354-AB58-6DAB1BED1A18}.Debug|ARM.Build.0 = Debug|ARM
		{86723A72-7924-4354-AB58-6DAB1BED1A18}.Debug|ARM.Deploy.0 = Debug|ARM
		{86723A72-7924-4354-AB58-6DAB1BED1A18}.Debug|iPhone.ActiveCfg = Debug|Any CPU
		{86723A72-7924-4354-AB58-6DAB1BED1A18}.Debug|iPhone.Build.0 = Debug|Any CPU
		{86723A72-7924-4354-AB58-6DAB1BED1A18}.Debug|iPhone.Deploy.0 = Debug|Any CPU
		{86723A72-7924-4354-AB58-6DAB1BED1A18}.Debug|iPhoneSimulator.ActiveCfg = Debug|Any CPU
		{86723A72-7924-4354-AB58-6DAB1BED1A18}.Debug|iPhoneSimulator.Build.0 = Debug|Any CPU
		{86723A72-7924-4354-AB58-6DAB1BED1A18}.Debug|iPhoneSimulator.Deploy.0 = Debug|Any CPU
		{86723A72-7924-4354-AB58-6DAB1BED1A18}.Debug|x64.ActiveCfg = Debug|x64
		{86723A72-7924-4354-AB58-6DAB1BED1A18}.Debug|x64.Build.0 = Debug|x64
		{86723A72-7924-4354-AB58-6DAB1BED1A18}.Debug|x64.Deploy.0 = Debug|x64
		{86723A72-7924-4354-AB58-6DAB1BED1A18}.Debug|x86.ActiveCfg = Debug|x86
		{86723A72-7924-4354-AB58-6DAB1BED1A18}.Debug|x86.Build.0 = Debug|x86
		{86723A72-7924-4354-AB58-6DAB1BED1A18}.Debug|x86.Deploy.0 = Debug|x86
		{86723A72-7924-4354-AB58-6DAB1BED1A18}.Release|Any CPU.ActiveCfg = Release|Any CPU
		{86723A72-7924-4354-AB58-6DAB1BED1A18}.Release|Any CPU.Build.0 = Release|Any CPU
		{86723A72-7924-4354-AB58-6DAB1BED1A18}.Release|Any CPU.Deploy.0 = Release|Any CPU
		{86723A72-7924-4354-AB58-6DAB1BED1A18}.Release|ARM.ActiveCfg = Release|ARM
		{86723A72-7924-4354-AB58-6DAB1BED1A18}.Release|ARM.Build.0 = Release|ARM
		{86723A72-7924-4354-AB58-6DAB1BED1A18}.Release|ARM.Deploy.0 = Release|ARM
		{86723A72-7924-4354-AB58-6DAB1BED1A18}.Release|iPhone.ActiveCfg = Release|Any CPU
		{86723A72-7924-4354-AB58-6DAB1BED1A18}.Release|iPhone.Build.0 = Release|Any CPU
		{86723A72-7924-4354-AB58-6DAB1BED1A18}.Release|iPhone.Deploy.0 = Release|Any CPU
		{86723A72-7924-4354-AB58-6DAB1BED1A18}.Release|iPhoneSimulator.ActiveCfg = Release|Any CPU
		{86723A72-7924-4354-AB58-6DAB1BED1A18}.Release|iPhoneSimulator.Build.0 = Release|Any CPU
		{86723A72-7924-4354-AB58-6DAB1BED1A18}.Release|iPhoneSimulator.Deploy.0 = Release|Any CPU
		{86723A72-7924-4354-AB58-6DAB1BED1A18}.Release|x64.ActiveCfg = Release|x64
		{86723A72-7924-4354-AB58-6DAB1BED1A18}.Release|x64.Build.0 = Release|x64
		{86723A72-7924-4354-AB58-6DAB1BED1A18}.Release|x64.Deploy.0 = Release|x64
		{86723A72-7924-4354-AB58-6DAB1BED1A18}.Release|x86.ActiveCfg = Release|x86
		{86723A72-7924-4354-AB58-6DAB1BED1A18}.Release|x86.Build.0 = Release|x86
		{86723A72-7924-4354-AB58-6DAB1BED1A18}.Release|x86.Deploy.0 = Release|x86
		{477C53B2-EDFB-4BE8-AF21-33DA0C532896}.Ad-Hoc|Any CPU.ActiveCfg = Release|Any CPU
		{477C53B2-EDFB-4BE8-AF21-33DA0C532896}.Ad-Hoc|Any CPU.Build.0 = Release|Any CPU
		{477C53B2-EDFB-4BE8-AF21-33DA0C532896}.Ad-Hoc|ARM.ActiveCfg = Release|Any CPU
		{477C53B2-EDFB-4BE8-AF21-33DA0C532896}.Ad-Hoc|ARM.Build.0 = Release|Any CPU
		{477C53B2-EDFB-4BE8-AF21-33DA0C532896}.Ad-Hoc|iPhone.ActiveCfg = Release|Any CPU
		{477C53B2-EDFB-4BE8-AF21-33DA0C532896}.Ad-Hoc|iPhone.Build.0 = Release|Any CPU
		{477C53B2-EDFB-4BE8-AF21-33DA0C532896}.Ad-Hoc|iPhoneSimulator.ActiveCfg = Release|Any CPU
		{477C53B2-EDFB-4BE8-AF21-33DA0C532896}.Ad-Hoc|iPhoneSimulator.Build.0 = Release|Any CPU
		{477C53B2-EDFB-4BE8-AF21-33DA0C532896}.Ad-Hoc|x64.ActiveCfg = Release|Any CPU
		{477C53B2-EDFB-4BE8-AF21-33DA0C532896}.Ad-Hoc|x64.Build.0 = Release|Any CPU
		{477C53B2-EDFB-4BE8-AF21-33DA0C532896}.Ad-Hoc|x86.ActiveCfg = Release|Any CPU
		{477C53B2-EDFB-4BE8-AF21-33DA0C532896}.Ad-Hoc|x86.Build.0 = Release|Any CPU
		{477C53B2-EDFB-4BE8-AF21-33DA0C532896}.AppStore|Any CPU.ActiveCfg = Release|Any CPU
		{477C53B2-EDFB-4BE8-AF21-33DA0C532896}.AppStore|Any CPU.Build.0 = Release|Any CPU
		{477C53B2-EDFB-4BE8-AF21-33DA0C532896}.AppStore|ARM.ActiveCfg = Release|Any CPU
		{477C53B2-EDFB-4BE8-AF21-33DA0C532896}.AppStore|ARM.Build.0 = Release|Any CPU
		{477C53B2-EDFB-4BE8-AF21-33DA0C532896}.AppStore|iPhone.ActiveCfg = Release|Any CPU
		{477C53B2-EDFB-4BE8-AF21-33DA0C532896}.AppStore|iPhone.Build.0 = Release|Any CPU
		{477C53B2-EDFB-4BE8-AF21-33DA0C532896}.AppStore|iPhoneSimulator.ActiveCfg = Release|Any CPU
		{477C53B2-EDFB-4BE8-AF21-33DA0C532896}.AppStore|iPhoneSimulator.Build.0 = Release|Any CPU
		{477C53B2-EDFB-4BE8-AF21-33DA0C532896}.AppStore|x64.ActiveCfg = Release|Any CPU
		{477C53B2-EDFB-4BE8-AF21-33DA0C532896}.AppStore|x64.Build.0 = Release|Any CPU
		{477C53B2-EDFB-4BE8-AF21-33DA0C532896}.AppStore|x86.ActiveCfg = Release|Any CPU
		{477C53B2-EDFB-4BE8-AF21-33DA0C532896}.AppStore|x86.Build.0 = Release|Any CPU
		{477C53B2-EDFB-4BE8-AF21-33DA0C532896}.Debug|Any CPU.ActiveCfg = Debug|Any CPU
		{477C53B2-EDFB-4BE8-AF21-33DA0C532896}.Debug|Any CPU.Build.0 = Debug|Any CPU
		{477C53B2-EDFB-4BE8-AF21-33DA0C532896}.Debug|ARM.ActiveCfg = Debug|Any CPU
		{477C53B2-EDFB-4BE8-AF21-33DA0C532896}.Debug|ARM.Build.0 = Debug|Any CPU
		{477C53B2-EDFB-4BE8-AF21-33DA0C532896}.Debug|iPhone.ActiveCfg = Debug|Any CPU
		{477C53B2-EDFB-4BE8-AF21-33DA0C532896}.Debug|iPhone.Build.0 = Debug|Any CPU
		{477C53B2-EDFB-4BE8-AF21-33DA0C532896}.Debug|iPhoneSimulator.ActiveCfg = Debug|Any CPU
		{477C53B2-EDFB-4BE8-AF21-33DA0C532896}.Debug|iPhoneSimulator.Build.0 = Debug|Any CPU
		{477C53B2-EDFB-4BE8-AF21-33DA0C532896}.Debug|x64.ActiveCfg = Debug|Any CPU
		{477C53B2-EDFB-4BE8-AF21-33DA0C532896}.Debug|x64.Build.0 = Debug|Any CPU
		{477C53B2-EDFB-4BE8-AF21-33DA0C532896}.Debug|x86.ActiveCfg = Debug|Any CPU
		{477C53B2-EDFB-4BE8-AF21-33DA0C532896}.Debug|x86.Build.0 = Debug|Any CPU
		{477C53B2-EDFB-4BE8-AF21-33DA0C532896}.Release|Any CPU.ActiveCfg = Release|Any CPU
		{477C53B2-EDFB-4BE8-AF21-33DA0C532896}.Release|Any CPU.Build.0 = Release|Any CPU
		{477C53B2-EDFB-4BE8-AF21-33DA0C532896}.Release|ARM.ActiveCfg = Release|Any CPU
		{477C53B2-EDFB-4BE8-AF21-33DA0C532896}.Release|ARM.Build.0 = Release|Any CPU
		{477C53B2-EDFB-4BE8-AF21-33DA0C532896}.Release|iPhone.ActiveCfg = Release|Any CPU
		{477C53B2-EDFB-4BE8-AF21-33DA0C532896}.Release|iPhone.Build.0 = Release|Any CPU
		{477C53B2-EDFB-4BE8-AF21-33DA0C532896}.Release|iPhoneSimulator.ActiveCfg = Release|Any CPU
		{477C53B2-EDFB-4BE8-AF21-33DA0C532896}.Release|iPhoneSimulator.Build.0 = Release|Any CPU
		{477C53B2-EDFB-4BE8-AF21-33DA0C532896}.Release|x64.ActiveCfg = Release|Any CPU
		{477C53B2-EDFB-4BE8-AF21-33DA0C532896}.Release|x64.Build.0 = Release|Any CPU
		{477C53B2-EDFB-4BE8-AF21-33DA0C532896}.Release|x86.ActiveCfg = Release|Any CPU
		{477C53B2-EDFB-4BE8-AF21-33DA0C532896}.Release|x86.Build.0 = Release|Any CPU
	EndGlobalSection
	GlobalSection(SolutionProperties) = preSolution
		HideSolutionNode = FALSE
	EndGlobalSection
EndGlobal
